
Microsoft Visual Studio Solution File, Format Version 12.00
# Visual Studio 14
VisualStudioVersion = 14.0.25123.0
MinimumVisualStudioVersion = 10.0.40219.1
Project("{FAE04EC0-301F-11D3-BF4B-00C04F79EFBC}") = "Katılım_polimorfizm", "Katılım_polimorfizm\Katılım_polimorfizm.csproj", "{53D790E1-B5B2-4633-894C-DCC325B82EB4}"
EndProject
Global
	GlobalSection(SolutionConfigurationPlatforms) = preSolution
		Debug|Any CPU = Debug|Any CPU
		Release|Any CPU = Release|Any CPU
	EndGlobalSection
	GlobalSection(ProjectConfigurationPlatforms) = postSolution
		{53D790E1-B5B2-4633-894C-DCC325B82EB4}.Debug|Any CPU.ActiveCfg = Debug|Any CPU
		{53D790E1-B5B2-4633-894C-DCC325B82EB4}.Debug|Any CPU.Build.0 = Debug|Any CPU
		{53D790E1-B5B2-4633-894C-DCC325B82EB4}.Release|Any CPU.ActiveCfg = Release|Any CPU
		{53D790E1-B5B2-4633-894C-DCC325B82EB4}.Release|Any CPU.Build.0 = Release|Any CPU
	EndGlobalSection
	GlobalSection(SolutionProperties) = preSolution
		HideSolutionNode = FALSE
	EndGlobalSection
EndGlobal
